
Microsoft Visual Studio Solution File, Format Version 12.00
# Visual Studio 14
VisualStudioVersion = 14.0.23107.0
MinimumVisualStudioVersion = 10.0.40219.1
Project("{FAE04EC0-301F-11D3-BF4B-00C04F79EFBC}") = "ConsoleApplication2", "ConsoleApplication2.csproj", "{D691F684-A22E-4A5D-9AA8-D0D153B1E95D}"
EndProject
Global
	GlobalSection(SolutionConfigurationPlatforms) = preSolution
		Debug|Any CPU = Debug|Any CPU
		Release|Any CPU = Release|Any CPU
	EndGlobalSection
	GlobalSection(ProjectConfigurationPlatforms) = postSolution
		{D691F684-A22E-4A5D-9AA8-D0D153B1E95D}.Debug|Any CPU.ActiveCfg = Debug|Any CPU
		{D691F684-A22E-4A5D-9AA8-D0D153B1E95D}.Debug|Any CPU.Build.0 = Debug|Any CPU
		{D691F684-A22E-4A5D-9AA8-D0D153B1E95D}.Release|Any CPU.ActiveCfg = Release|Any CPU
		{D691F684-A22E-4A5D-9AA8-D0D153B1E95D}.Release|Any CPU.Build.0 = Release|Any CPU
	EndGlobalSection
	GlobalSection(SolutionProperties) = preSolution
		HideSolutionNode = FALSE
	EndGlobalSection
EndGlobal
